{
  "version": 4,
  "terraform_version": "1.0.6",
  "serial": 60,
  "lineage": "2f9f724a-51d4-5bd4-2c44-9e0dba4d63d0",
  "outputs": {},
  "resources": [
    {
      "mode": "data",
      "type": "aws_eks_cluster",
      "name": "dev-cluster",
      "provider": "provider[\"registry.terraform.io/hashicorp/aws\"]",
      "instances": [
        {
          "schema_version": 0,
          "attributes": {
            "arn": "arn:aws:eks:us-east-1:749669622883:cluster/dev-cluster",
            "certificate_authority": [
              {
                "data": "LS0tLS1CRUdJTiBDRVJUSUZJQ0FURS0tLS0tCk1JSUM1ekNDQWMrZ0F3SUJBZ0lCQURBTkJna3Foa2lHOXcwQkFRc0ZBREFWTVJNd0VRWURWUVFERXdwcmRXSmwKY201bGRHVnpNQjRYRFRJeE1Ea3dOakl5TkRZME1Wb1hEVE14TURrd05ESXlORFkwTVZvd0ZURVRNQkVHQTFVRQpBeE1LYTNWaVpYSnVaWFJsY3pDQ0FTSXdEUVlKS29aSWh2Y05BUUVCQlFBRGdnRVBBRENDQVFvQ2dnRUJBTGJVCjhrQjNaT2tmcW9vZ2toSzFVS0Vrb0ZiaDhSUkNBRVVxKzEzUTROazlvQ1c3d25TME9Ta1g0SUttblpJdWtMN0EKSEhGeFZiMlJjK05pSWhwVWVqTTRDWXpFcCtEeGk1S2JoM1Q1SFFKWUNKY0kxSlVSeW90ZEsyNTdqQWpiazBzSwpWc0JFZFQvUFoyakVmN0ZQaGljWTZ0bFZQM2dEWTlEd1c3N2hmY3A3YnFyN3VBWlV2S0ZxVldmWVVNUlF2NnkzCnI3UTBlVFBTRTJMMTJvR3VRejZwNkJqOWZVWFJzemF3bXJTcHdRYWxCWFJZRlVFYm52Y0FNeXFPdjJtRWxwTHoKK0ZJaGRIdXJ0Z3Vwd1JaSlZXYVF0UHA2TnNwSzJWSDIzWDk0MmV5SkJpRTBhRm1ycGRKcmQyenFOQ1ZMVTRJTwpwaGN1WXZiM2lDT1Z1THBQMmpjQ0F3RUFBYU5DTUVBd0RnWURWUjBQQVFIL0JBUURBZ0trTUE4R0ExVWRFd0VCCi93UUZNQU1CQWY4d0hRWURWUjBPQkJZRUZKM3I3TThXT0dESElVRTY5UTV5ZTNEK3pCbm9NQTBHQ1NxR1NJYjMKRFFFQkN3VUFBNElCQVFBVE9taDZxenRpQXdwY01uc3k0R2RXbjF6S3FqZHl2TGJKMW9YaXNrallUVTJjaC9xYgpmTUczRWZNZmVUQVVQa1RJSnNQZUYweVIxSzRrWUtMSE9uSDNtNnd0VjNhQi93WHp3R2k2bUU5Vys2cTJkUkNtClhQNCtvZXp3SUJ5U3ZxUENFYW56Q05ab242SFN3akxFakswVmtwYXBvRzdrMWVGWDBENmNKTjBHM0RtRk9uL1EKUG0rcHFwdlBXeDdnN1hqNkFDVVNhME1hV05Xd3IyZUxsT0Fqd1h0RzBndTFTcTcvd2tjZ3lxRnF0MUorL2xwSgpkM1V0THJMVnV3aXhkZE9rUkZPUGptVWxKRVd5NWxoZnQwQm9vaENXeW9TUlk3MTRCcTZPZjN5RVlSOXM5SmtPCmJiN1p5YStBMXlhclZtN29wZmNJTnVqUlVyZjd6WlRTV09QdwotLS0tLUVORCBDRVJUSUZJQ0FURS0tLS0tCg=="
              }
            ],
            "created_at": "2021-09-06 22:39:44.875 +0000 UTC",
            "enabled_cluster_log_types": [],
            "endpoint": "https://DBF12326DF5EC247846A018869EBA05B.gr7.us-east-1.eks.amazonaws.com",
            "id": "dev-cluster",
            "identity": [
              {
                "oidc": [
                  {
                    "issuer": "https://oidc.eks.us-east-1.amazonaws.com/id/DBF12326DF5EC247846A018869EBA05B"
                  }
                ]
              }
            ],
            "kubernetes_network_config": [
              {
                "service_ipv4_cidr": "172.20.0.0/16"
              }
            ],
            "name": "dev-cluster",
            "platform_version": "eks.2",
            "role_arn": "arn:aws:iam::749669622883:role/dev-cluster20210906222843159700000003",
            "status": "ACTIVE",
            "tags": {},
            "version": "1.21",
            "vpc_config": [
              {
                "cluster_security_group_id": "sg-0b0a13a8ae90aa881",
                "endpoint_private_access": false,
                "endpoint_public_access": true,
                "public_access_cidrs": [
                  "0.0.0.0/0"
                ],
                "security_group_ids": [
                  "sg-02d709844acb3b829"
                ],
                "subnet_ids": [
                  "subnet-03e8865d26d10cf4c",
                  "subnet-0627a4bf88a16bd16"
                ],
                "vpc_id": "vpc-0c791e927c40472ba"
              }
            ]
          },
          "sensitive_attributes": []
        }
      ]
    },
    {
      "mode": "data",
      "type": "aws_eks_cluster_auth",
      "name": "dev-cluster",
      "provider": "provider[\"registry.terraform.io/hashicorp/aws\"]",
      "instances": [
        {
          "schema_version": 0,
          "attributes": {
            "id": "dev-cluster",
            "name": "dev-cluster",
            "token": "k8s-aws-v1.aHR0cHM6Ly9zdHMuYW1hem9uYXdzLmNvbS8_QWN0aW9uPUdldENhbGxlcklkZW50aXR5JlZlcnNpb249MjAxMS0wNi0xNSZYLUFtei1BbGdvcml0aG09QVdTNC1ITUFDLVNIQTI1NiZYLUFtei1DcmVkZW50aWFsPUFLSUEyNUM2S1VSUllaTktURk5ZJTJGMjAyMTA5MDYlMkZ1cy1lYXN0LTElMkZzdHMlMkZhd3M0X3JlcXVlc3QmWC1BbXotRGF0ZT0yMDIxMDkwNlQyMjUxMzVaJlgtQW16LUV4cGlyZXM9MCZYLUFtei1TaWduZWRIZWFkZXJzPWhvc3QlM0J4LWs4cy1hd3MtaWQmWC1BbXotU2lnbmF0dXJlPTY2ODcxNDNkMzE0YTE0Zjk2ZGE4NjdjMjk5OWRlNzhmYTlkN2E0MTRmOTJlZWVhMzI2NmNhNThhY2JjYjhmMjM"
          },
          "sensitive_attributes": []
        }
      ]
    },
    {
      "mode": "managed",
      "type": "aws_eip",
      "name": "one",
      "provider": "provider[\"registry.terraform.io/hashicorp/aws\"]",
      "instances": [
        {
          "schema_version": 0,
          "attributes": {
            "address": null,
            "allocation_id": null,
            "associate_with_private_ip": "10.0.1.50",
            "association_id": "eipassoc-099e346f5bdb22557",
            "carrier_ip": "",
            "customer_owned_ip": "",
            "customer_owned_ipv4_pool": "",
            "domain": "vpc",
            "id": "eipalloc-0032629e457cda293",
            "instance": "",
            "network_border_group": "us-east-1",
            "network_interface": "eni-0ffa1c93099ebdccc",
            "private_dns": "ip-10-0-1-50.ec2.internal",
            "private_ip": "10.0.1.50",
            "public_dns": "ec2-52-70-233-62.compute-1.amazonaws.com",
            "public_ip": "52.70.233.62",
            "public_ipv4_pool": "amazon",
            "tags": {},
            "tags_all": {},
            "timeouts": null,
            "vpc": true
          },
          "sensitive_attributes": [],
          "private": "eyJlMmJmYjczMC1lY2FhLTExZTYtOGY4OC0zNDM2M2JjN2M0YzAiOnsiZGVsZXRlIjoxODAwMDAwMDAwMDAsInJlYWQiOjkwMDAwMDAwMDAwMCwidXBkYXRlIjozMDAwMDAwMDAwMDB9fQ==",
          "dependencies": [
            "aws_internet_gateway.dev-gw",
            "aws_network_interface.dev-server-nic",
            "aws_security_group.allow-web-traffic",
            "aws_subnet.dev1-subnet",
            "aws_vpc.dev-vpc"
          ]
        }
      ]
    },
    {
      "mode": "managed",
      "type": "aws_instance",
      "name": "dev-server",
      "provider": "provider[\"registry.terraform.io/hashicorp/aws\"]",
      "instances": [
        {
          "schema_version": 1,
          "attributes": {
            "ami": "ami-087c17d1fe0178315",
            "arn": "arn:aws:ec2:us-east-1:749669622883:instance/i-010738837b6d8eea3",
            "associate_public_ip_address": true,
            "availability_zone": "us-east-1a",
            "capacity_reservation_specification": [
              {
                "capacity_reservation_preference": "open",
                "capacity_reservation_target": []
              }
            ],
            "cpu_core_count": 1,
            "cpu_threads_per_core": 1,
            "credit_specification": [
              {
                "cpu_credits": "standard"
              }
            ],
            "disable_api_termination": false,
            "ebs_block_device": [],
            "ebs_optimized": false,
            "enclave_options": [
              {
                "enabled": false
              }
            ],
            "ephemeral_block_device": [],
            "get_password_data": false,
            "hibernation": false,
            "host_id": null,
            "iam_instance_profile": "",
            "id": "i-010738837b6d8eea3",
            "instance_initiated_shutdown_behavior": "stop",
            "instance_state": "running",
            "instance_type": "t2.micro",
            "ipv6_address_count": 0,
            "ipv6_addresses": [],
            "key_name": "terraform-main-key",
            "launch_template": [],
            "metadata_options": [
              {
                "http_endpoint": "enabled",
                "http_put_response_hop_limit": 1,
                "http_tokens": "optional"
              }
            ],
            "monitoring": false,
            "network_interface": [
              {
                "delete_on_termination": false,
                "device_index": 0,
                "network_interface_id": "eni-0ffa1c93099ebdccc"
              }
            ],
            "outpost_arn": "",
            "password_data": "",
            "placement_group": "",
            "primary_network_interface_id": "eni-0ffa1c93099ebdccc",
            "private_dns": "ip-10-0-1-50.ec2.internal",
            "private_ip": "10.0.1.50",
            "public_dns": "",
            "public_ip": "52.70.233.62",
            "root_block_device": [
              {
                "delete_on_termination": true,
                "device_name": "/dev/xvda",
                "encrypted": false,
                "iops": 100,
                "kms_key_id": "",
                "tags": {},
                "throughput": 0,
                "volume_id": "vol-0f814af902183da79",
                "volume_size": 8,
                "volume_type": "gp2"
              }
            ],
            "secondary_private_ips": [],
            "security_groups": [],
            "source_dest_check": true,
            "subnet_id": "subnet-0627a4bf88a16bd16",
            "tags": {
              "Name": "dev-ubuntu"
            },
            "tags_all": {
              "Name": "dev-ubuntu"
            },
            "tenancy": "default",
            "timeouts": null,
            "user_data": "ed26d4d52704047c0d69468b9504b59d4b337116",
            "user_data_base64": null,
            "volume_tags": null,
            "vpc_security_group_ids": [
              "sg-0b2ba3ce553b80e7b"
            ]
          },
          "sensitive_attributes": [],
          "private": "eyJlMmJmYjczMC1lY2FhLTExZTYtOGY4OC0zNDM2M2JjN2M0YzAiOnsiY3JlYXRlIjo2MDAwMDAwMDAwMDAsImRlbGV0ZSI6MTIwMDAwMDAwMDAwMCwidXBkYXRlIjo2MDAwMDAwMDAwMDB9LCJzY2hlbWFfdmVyc2lvbiI6IjEifQ==",
          "dependencies": [
            "aws_network_interface.dev-server-nic",
            "aws_security_group.allow-web-traffic",
            "aws_subnet.dev1-subnet",
            "aws_vpc.dev-vpc"
          ]
        }
      ]
    },
    {
      "mode": "managed",
      "type": "aws_internet_gateway",
      "name": "dev-gw",
      "provider": "provider[\"registry.terraform.io/hashicorp/aws\"]",
      "instances": [
        {
          "schema_version": 0,
          "attributes": {
            "arn": "arn:aws:ec2:us-east-1:749669622883:internet-gateway/igw-05427f953c1dfdfa7",
            "id": "igw-05427f953c1dfdfa7",
            "owner_id": "749669622883",
            "tags": {
              "Name": "dev-gw"
            },
            "tags_all": {
              "Name": "dev-gw"
            },
            "vpc_id": "vpc-0c791e927c40472ba"
          },
          "sensitive_attributes": [],
          "private": "bnVsbA==",
          "dependencies": [
            "aws_vpc.dev-vpc"
          ]
        }
      ]
    },
    {
      "mode": "managed",
      "type": "aws_network_interface",
      "name": "dev-server-nic",
      "provider": "provider[\"registry.terraform.io/hashicorp/aws\"]",
      "instances": [
        {
          "schema_version": 0,
          "attributes": {
            "attachment": [],
            "description": "",
            "id": "eni-0ffa1c93099ebdccc",
            "interface_type": "interface",
            "ipv6_address_count": 0,
            "ipv6_addresses": [],
            "mac_address": "12:37:e3:98:c8:99",
            "outpost_arn": "",
            "private_dns_name": "",
            "private_ip": "10.0.1.50",
            "private_ips": [
              "10.0.1.50"
            ],
            "private_ips_count": 0,
            "security_groups": [
              "sg-0b2ba3ce553b80e7b"
            ],
            "source_dest_check": true,
            "subnet_id": "subnet-0627a4bf88a16bd16",
            "tags": null,
            "tags_all": {}
          },
          "sensitive_attributes": [],
          "private": "bnVsbA==",
          "dependencies": [
            "aws_security_group.allow-web-traffic",
            "aws_subnet.dev1-subnet",
            "aws_vpc.dev-vpc"
          ]
        }
      ]
    },
    {
      "mode": "managed",
      "type": "aws_route_table",
      "name": "dev-route-table",
      "provider": "provider[\"registry.terraform.io/hashicorp/aws\"]",
      "instances": [
        {
          "schema_version": 0,
          "attributes": {
            "arn": "arn:aws:ec2:us-east-1:749669622883:route-table/rtb-0ba8b04380af42143",
            "id": "rtb-0ba8b04380af42143",
            "owner_id": "749669622883",
            "propagating_vgws": [],
            "route": [
              {
                "carrier_gateway_id": "",
                "cidr_block": "",
                "destination_prefix_list_id": "",
                "egress_only_gateway_id": "",
                "gateway_id": "igw-05427f953c1dfdfa7",
                "instance_id": "",
                "ipv6_cidr_block": "::/0",
                "local_gateway_id": "",
                "nat_gateway_id": "",
                "network_interface_id": "",
                "transit_gateway_id": "",
                "vpc_endpoint_id": "",
                "vpc_peering_connection_id": ""
              },
              {
                "carrier_gateway_id": "",
                "cidr_block": "0.0.0.0/0",
                "destination_prefix_list_id": "",
                "egress_only_gateway_id": "",
                "gateway_id": "igw-05427f953c1dfdfa7",
                "instance_id": "",
                "ipv6_cidr_block": "",
                "local_gateway_id": "",
                "nat_gateway_id": "",
                "network_interface_id": "",
                "transit_gateway_id": "",
                "vpc_endpoint_id": "",
                "vpc_peering_connection_id": ""
              }
            ],
            "tags": {
              "Name": "dev-rt"
            },
            "tags_all": {
              "Name": "dev-rt"
            },
            "vpc_id": "vpc-0c791e927c40472ba"
          },
          "sensitive_attributes": [],
          "private": "bnVsbA==",
          "dependencies": [
            "aws_internet_gateway.dev-gw",
            "aws_vpc.dev-vpc"
          ]
        }
      ]
    },
    {
      "mode": "managed",
      "type": "aws_route_table_association",
      "name": "dev1-sub-to-dev-rt",
      "provider": "provider[\"registry.terraform.io/hashicorp/aws\"]",
      "instances": [
        {
          "schema_version": 0,
          "attributes": {
            "gateway_id": "",
            "id": "rtbassoc-07d70c8d2a5833f51",
            "route_table_id": "rtb-0ba8b04380af42143",
            "subnet_id": "subnet-0627a4bf88a16bd16"
          },
          "sensitive_attributes": [],
          "private": "bnVsbA==",
          "dependencies": [
            "aws_route_table.dev-route-table",
            "aws_subnet.dev1-subnet",
            "aws_vpc.dev-vpc"
          ]
        }
      ]
    },
    {
      "mode": "managed",
      "type": "aws_route_table_association",
      "name": "dev2-sub-to-dev-rt",
      "provider": "provider[\"registry.terraform.io/hashicorp/aws\"]",
      "instances": [
        {
          "schema_version": 0,
          "attributes": {
            "gateway_id": "",
            "id": "rtbassoc-09c30ebf87c9f14f9",
            "route_table_id": "rtb-0ba8b04380af42143",
            "subnet_id": "subnet-03e8865d26d10cf4c"
          },
          "sensitive_attributes": [],
          "private": "bnVsbA==",
          "dependencies": [
            "aws_route_table.dev-route-table",
            "aws_subnet.dev2-subnet",
            "aws_vpc.dev-vpc"
          ]
        }
      ]
    },
    {
      "mode": "managed",
      "type": "aws_security_group",
      "name": "allow-web-traffic",
      "provider": "provider[\"registry.terraform.io/hashicorp/aws\"]",
      "instances": [
        {
          "schema_version": 1,
          "attributes": {
            "arn": "arn:aws:ec2:us-east-1:749669622883:security-group/sg-0b2ba3ce553b80e7b",
            "description": "Allow web traffic",
            "egress": [
              {
                "cidr_blocks": [
                  "0.0.0.0/0"
                ],
                "description": "",
                "from_port": 0,
                "ipv6_cidr_blocks": [
                  "::/0"
                ],
                "prefix_list_ids": [],
                "protocol": "-1",
                "security_groups": [],
                "self": false,
                "to_port": 0
              }
            ],
            "id": "sg-0b2ba3ce553b80e7b",
            "ingress": [
              {
                "cidr_blocks": [
                  "0.0.0.0/0"
                ],
                "description": "HTTP",
                "from_port": 80,
                "ipv6_cidr_blocks": [],
                "prefix_list_ids": [],
                "protocol": "tcp",
                "security_groups": [],
                "self": false,
                "to_port": 80
              },
              {
                "cidr_blocks": [
                  "0.0.0.0/0"
                ],
                "description": "HTTPS",
                "from_port": 443,
                "ipv6_cidr_blocks": [],
                "prefix_list_ids": [],
                "protocol": "tcp",
                "security_groups": [],
                "self": false,
                "to_port": 443
              },
              {
                "cidr_blocks": [
                  "0.0.0.0/0"
                ],
                "description": "SSH",
                "from_port": 22,
                "ipv6_cidr_blocks": [],
                "prefix_list_ids": [],
                "protocol": "tcp",
                "security_groups": [],
                "self": false,
                "to_port": 22
              }
            ],
            "name": "allow_tls",
            "name_prefix": "",
            "owner_id": "749669622883",
            "revoke_rules_on_delete": false,
            "tags": {
              "Name": "allow-web"
            },
            "tags_all": {
              "Name": "allow-web"
            },
            "timeouts": null,
            "vpc_id": "vpc-0c791e927c40472ba"
          },
          "sensitive_attributes": [],
          "private": "eyJlMmJmYjczMC1lY2FhLTExZTYtOGY4OC0zNDM2M2JjN2M0YzAiOnsiY3JlYXRlIjo2MDAwMDAwMDAwMDAsImRlbGV0ZSI6OTAwMDAwMDAwMDAwfSwic2NoZW1hX3ZlcnNpb24iOiIxIn0=",
          "dependencies": [
            "aws_vpc.dev-vpc"
          ],
          "create_before_destroy": true
        }
      ]
    },
    {
      "mode": "managed",
      "type": "aws_subnet",
      "name": "dev1-subnet",
      "provider": "provider[\"registry.terraform.io/hashicorp/aws\"]",
      "instances": [
        {
          "schema_version": 1,
          "attributes": {
            "arn": "arn:aws:ec2:us-east-1:749669622883:subnet/subnet-0627a4bf88a16bd16",
            "assign_ipv6_address_on_creation": false,
            "availability_zone": "us-east-1a",
            "availability_zone_id": "use1-az2",
            "cidr_block": "10.0.1.0/24",
            "customer_owned_ipv4_pool": "",
            "id": "subnet-0627a4bf88a16bd16",
            "ipv6_cidr_block": "",
            "ipv6_cidr_block_association_id": "",
            "map_customer_owned_ip_on_launch": false,
            "map_public_ip_on_launch": false,
            "outpost_arn": "",
            "owner_id": "749669622883",
            "tags": {
              "Name": "dev1-subnet"
            },
            "tags_all": {
              "Name": "dev1-subnet"
            },
            "timeouts": null,
            "vpc_id": "vpc-0c791e927c40472ba"
          },
          "sensitive_attributes": [],
          "private": "eyJlMmJmYjczMC1lY2FhLTExZTYtOGY4OC0zNDM2M2JjN2M0YzAiOnsiY3JlYXRlIjo2MDAwMDAwMDAwMDAsImRlbGV0ZSI6MTIwMDAwMDAwMDAwMH0sInNjaGVtYV92ZXJzaW9uIjoiMSJ9",
          "dependencies": [
            "aws_vpc.dev-vpc"
          ],
          "create_before_destroy": true
        }
      ]
    },
    {
      "mode": "managed",
      "type": "aws_subnet",
      "name": "dev2-subnet",
      "provider": "provider[\"registry.terraform.io/hashicorp/aws\"]",
      "instances": [
        {
          "schema_version": 1,
          "attributes": {
            "arn": "arn:aws:ec2:us-east-1:749669622883:subnet/subnet-03e8865d26d10cf4c",
            "assign_ipv6_address_on_creation": false,
            "availability_zone": "us-east-1b",
            "availability_zone_id": "use1-az4",
            "cidr_block": "10.0.2.0/24",
            "customer_owned_ipv4_pool": "",
            "id": "subnet-03e8865d26d10cf4c",
            "ipv6_cidr_block": "",
            "ipv6_cidr_block_association_id": "",
            "map_customer_owned_ip_on_launch": false,
            "map_public_ip_on_launch": false,
            "outpost_arn": "",
            "owner_id": "749669622883",
            "tags": {
              "Name": "dev2-subnet"
            },
            "tags_all": {
              "Name": "dev2-subnet"
            },
            "timeouts": null,
            "vpc_id": "vpc-0c791e927c40472ba"
          },
          "sensitive_attributes": [],
          "private": "eyJlMmJmYjczMC1lY2FhLTExZTYtOGY4OC0zNDM2M2JjN2M0YzAiOnsiY3JlYXRlIjo2MDAwMDAwMDAwMDAsImRlbGV0ZSI6MTIwMDAwMDAwMDAwMH0sInNjaGVtYV92ZXJzaW9uIjoiMSJ9",
          "dependencies": [
            "aws_vpc.dev-vpc"
          ],
          "create_before_destroy": true
        }
      ]
    },
    {
      "mode": "managed",
      "type": "aws_vpc",
      "name": "dev-vpc",
      "provider": "provider[\"registry.terraform.io/hashicorp/aws\"]",
      "instances": [
        {
          "schema_version": 1,
          "attributes": {
            "arn": "arn:aws:ec2:us-east-1:749669622883:vpc/vpc-0c791e927c40472ba",
            "assign_generated_ipv6_cidr_block": false,
            "cidr_block": "10.0.0.0/16",
            "default_network_acl_id": "acl-0c5e4e916c771ab19",
            "default_route_table_id": "rtb-06fbccd65e4134c93",
            "default_security_group_id": "sg-017268a71b007106b",
            "dhcp_options_id": "dopt-0853ded3cf6368b99",
            "enable_classiclink": false,
            "enable_classiclink_dns_support": false,
            "enable_dns_hostnames": false,
            "enable_dns_support": true,
            "id": "vpc-0c791e927c40472ba",
            "instance_tenancy": "default",
            "ipv6_association_id": "",
            "ipv6_cidr_block": "",
            "main_route_table_id": "rtb-06fbccd65e4134c93",
            "owner_id": "749669622883",
            "tags": {
              "Name": "development"
            },
            "tags_all": {
              "Name": "development"
            }
          },
          "sensitive_attributes": [],
          "private": "eyJzY2hlbWFfdmVyc2lvbiI6IjEifQ==",
          "create_before_destroy": true
        }
      ]
    },
    {
      "module": "module.my-cluster",
      "mode": "data",
      "type": "aws_ami",
      "name": "eks_worker",
      "provider": "provider[\"registry.terraform.io/hashicorp/aws\"]",
      "instances": [
        {
          "index_key": 0,
          "schema_version": 0,
          "attributes": {
            "architecture": "x86_64",
            "arn": "arn:aws:ec2:us-east-1::image/ami-0193ebf9573ebc9f7",
            "block_device_mappings": [
              {
                "device_name": "/dev/xvda",
                "ebs": {
                  "delete_on_termination": "true",
                  "encrypted": "false",
                  "iops": "0",
                  "snapshot_id": "snap-0fa2ff2efecd641f3",
                  "throughput": "0",
                  "volume_size": "20",
                  "volume_type": "gp2"
                },
                "no_device": "",
                "virtual_name": ""
              }
            ],
            "creation_date": "2021-08-31T00:10:42.000Z",
            "description": "EKS Kubernetes Worker AMI with AmazonLinux2 image, (k8s: 1.21.2, docker: 19.03.13ce-1.amzn2, containerd: 1.4.6-2.amzn2)",
            "ena_support": true,
            "executable_users": null,
            "filter": [
              {
                "name": "name",
                "values": [
                  "amazon-eks-node-1.21-v*"
                ]
              }
            ],
            "hypervisor": "xen",
            "id": "ami-0193ebf9573ebc9f7",
            "image_id": "ami-0193ebf9573ebc9f7",
            "image_location": "amazon/amazon-eks-node-1.21-v20210830",
            "image_owner_alias": "amazon",
            "image_type": "machine",
            "kernel_id": null,
            "most_recent": true,
            "name": "amazon-eks-node-1.21-v20210830",
            "name_regex": null,
            "owner_id": "602401143452",
            "owners": [
              "amazon"
            ],
            "platform": null,
            "platform_details": "Linux/UNIX",
            "product_codes": [],
            "public": true,
            "ramdisk_id": null,
            "root_device_name": "/dev/xvda",
            "root_device_type": "ebs",
            "root_snapshot_id": "snap-0fa2ff2efecd641f3",
            "sriov_net_support": "simple",
            "state": "available",
            "state_reason": {
              "code": "UNSET",
              "message": "UNSET"
            },
            "tags": {},
            "usage_operation": "RunInstances",
            "virtualization_type": "hvm"
          },
          "sensitive_attributes": []
        }
      ]
    },
    {
      "module": "module.my-cluster",
      "mode": "data",
      "type": "aws_caller_identity",
      "name": "current",
      "provider": "provider[\"registry.terraform.io/hashicorp/aws\"]",
      "instances": [
        {
          "schema_version": 0,
          "attributes": {
            "account_id": "749669622883",
            "arn": "arn:aws:iam::749669622883:user/cloud_user",
            "id": "749669622883",
            "user_id": "AIDA25C6KURRSIDU5VGN7"
          },
          "sensitive_attributes": []
        }
      ]
    },
    {
      "module": "module.my-cluster",
      "mode": "data",
      "type": "aws_iam_policy_document",
      "name": "cluster_assume_role_policy",
      "provider": "provider[\"registry.terraform.io/hashicorp/aws\"]",
      "instances": [
        {
          "schema_version": 0,
          "attributes": {
            "id": "2764486067",
            "json": "{\n  \"Version\": \"2012-10-17\",\n  \"Statement\": [\n    {\n      \"Sid\": \"EKSClusterAssumeRole\",\n      \"Effect\": \"Allow\",\n      \"Action\": \"sts:AssumeRole\",\n      \"Principal\": {\n        \"Service\": \"eks.amazonaws.com\"\n      }\n    }\n  ]\n}",
            "override_json": null,
            "override_policy_documents": null,
            "policy_id": null,
            "source_json": null,
            "source_policy_documents": null,
            "statement": [
              {
                "actions": [
                  "sts:AssumeRole"
                ],
                "condition": [],
                "effect": "Allow",
                "not_actions": [],
                "not_principals": [],
                "not_resources": [],
                "principals": [
                  {
                    "identifiers": [
                      "eks.amazonaws.com"
                    ],
                    "type": "Service"
                  }
                ],
                "resources": [],
                "sid": "EKSClusterAssumeRole"
              }
            ],
            "version": "2012-10-17"
          },
          "sensitive_attributes": []
        }
      ]
    },
    {
      "module": "module.my-cluster",
      "mode": "data",
      "type": "aws_iam_policy_document",
      "name": "cluster_elb_sl_role_creation",
      "provider": "provider[\"registry.terraform.io/hashicorp/aws\"]",
      "instances": [
        {
          "index_key": 0,
          "schema_version": 0,
          "attributes": {
            "id": "3709839417",
            "json": "{\n  \"Version\": \"2012-10-17\",\n  \"Statement\": [\n    {\n      \"Sid\": \"\",\n      \"Effect\": \"Allow\",\n      \"Action\": [\n        \"ec2:DescribeInternetGateways\",\n        \"ec2:DescribeAddresses\",\n        \"ec2:DescribeAccountAttributes\"\n      ],\n      \"Resource\": \"*\"\n    }\n  ]\n}",
            "override_json": null,
            "override_policy_documents": null,
            "policy_id": null,
            "source_json": null,
            "source_policy_documents": null,
            "statement": [
              {
                "actions": [
                  "ec2:DescribeAccountAttributes",
                  "ec2:DescribeAddresses",
                  "ec2:DescribeInternetGateways"
                ],
                "condition": [],
                "effect": "Allow",
                "not_actions": [],
                "not_principals": [],
                "not_resources": [],
                "principals": [],
                "resources": [
                  "*"
                ],
                "sid": ""
              }
            ],
            "version": "2012-10-17"
          },
          "sensitive_attributes": []
        }
      ]
    },
    {
      "module": "module.my-cluster",
      "mode": "data",
      "type": "aws_iam_policy_document",
      "name": "workers_assume_role_policy",
      "provider": "provider[\"registry.terraform.io/hashicorp/aws\"]",
      "instances": [
        {
          "schema_version": 0,
          "attributes": {
            "id": "3778018924",
            "json": "{\n  \"Version\": \"2012-10-17\",\n  \"Statement\": [\n    {\n      \"Sid\": \"EKSWorkerAssumeRole\",\n      \"Effect\": \"Allow\",\n      \"Action\": \"sts:AssumeRole\",\n      \"Principal\": {\n        \"Service\": \"ec2.amazonaws.com\"\n      }\n    }\n  ]\n}",
            "override_json": null,
            "override_policy_documents": null,
            "policy_id": null,
            "source_json": null,
            "source_policy_documents": null,
            "statement": [
              {
                "actions": [
                  "sts:AssumeRole"
                ],
                "condition": [],
                "effect": "Allow",
                "not_actions": [],
                "not_principals": [],
                "not_resources": [],
                "principals": [
                  {
                    "identifiers": [
                      "ec2.amazonaws.com"
                    ],
                    "type": "Service"
                  }
                ],
                "resources": [],
                "sid": "EKSWorkerAssumeRole"
              }
            ],
            "version": "2012-10-17"
          },
          "sensitive_attributes": []
        }
      ]
    },
    {
      "module": "module.my-cluster",
      "mode": "data",
      "type": "aws_partition",
      "name": "current",
      "provider": "provider[\"registry.terraform.io/hashicorp/aws\"]",
      "instances": [
        {
          "schema_version": 0,
          "attributes": {
            "dns_suffix": "amazonaws.com",
            "id": "aws",
            "partition": "aws",
            "reverse_dns_prefix": "com.amazonaws"
          },
          "sensitive_attributes": []
        }
      ]
    },
    {
      "module": "module.my-cluster",
      "mode": "data",
      "type": "http",
      "name": "wait_for_cluster",
      "provider": "provider[\"registry.terraform.io/terraform-aws-modules/http\"]",
      "instances": [
        {
          "index_key": 0,
          "schema_version": 0,
          "attributes": {
            "body": "ok",
            "ca_certificate": "-----BEGIN CERTIFICATE-----\nMIIC5zCCAc+gAwIBAgIBADANBgkqhkiG9w0BAQsFADAVMRMwEQYDVQQDEwprdWJl\ncm5ldGVzMB4XDTIxMDkwNjIyNDY0MVoXDTMxMDkwNDIyNDY0MVowFTETMBEGA1UE\nAxMKa3ViZXJuZXRlczCCASIwDQYJKoZIhvcNAQEBBQADggEPADCCAQoCggEBALbU\n8kB3ZOkfqoogkhK1UKEkoFbh8RRCAEUq+13Q4Nk9oCW7wnS0OSkX4IKmnZIukL7A\nHHFxVb2Rc+NiIhpUejM4CYzEp+Dxi5Kbh3T5HQJYCJcI1JURyotdK257jAjbk0sK\nVsBEdT/PZ2jEf7FPhicY6tlVP3gDY9DwW77hfcp7bqr7uAZUvKFqVWfYUMRQv6y3\nr7Q0eTPSE2L12oGuQz6p6Bj9fUXRszawmrSpwQalBXRYFUEbnvcAMyqOv2mElpLz\n+FIhdHurtgupwRZJVWaQtPp6NspK2VH23X942eyJBiE0aFmrpdJrd2zqNCVLU4IO\nphcuYvb3iCOVuLpP2jcCAwEAAaNCMEAwDgYDVR0PAQH/BAQDAgKkMA8GA1UdEwEB\n/wQFMAMBAf8wHQYDVR0OBBYEFJ3r7M8WOGDHIUE69Q5ye3D+zBnoMA0GCSqGSIb3\nDQEBCwUAA4IBAQATOmh6qztiAwpcMnsy4GdWn1zKqjdyvLbJ1oXiskjYTU2ch/qb\nfMG3EfMfeTAUPkTIJsPeF0yR1K4kYKLHOnH3m6wtV3aB/wXzwGi6mE9W+6q2dRCm\nXP4+oezwIBySvqPCEanzCNZon6HSwjLEjK0VkpapoG7k1eFX0D6cJN0G3DmFOn/Q\nPm+pqpvPWx7g7Xj6ACUSa0MaWNWwr2eLlOAjwXtG0gu1Sq7/wkcgyqFqt1J+/lpJ\nd3UtLrLVuwixddOkRFOPjmUlJEWy5lhft0BoohCWyoSRY714Bq6Of3yEYR9s9JkO\nbb7Zya+A1yarVm7opfcINujRUrf7zZTSWOPw\n-----END CERTIFICATE-----\n",
            "id": "https://DBF12326DF5EC247846A018869EBA05B.gr7.us-east-1.eks.amazonaws.com/healthz",
            "insecure": false,
            "request_headers": null,
            "response_headers": {
              "Cache-Control": "no-cache, private",
              "Content-Length": "2",
              "Content-Type": "text/plain; charset=utf-8",
              "Date": "Mon, 06 Sep 2021 22:51:35 GMT",
              "X-Content-Type-Options": "nosniff",
              "X-Kubernetes-Pf-Flowschema-Uid": "0a505118-3576-477d-9df0-7b3317cc7a46",
              "X-Kubernetes-Pf-Prioritylevel-Uid": "8a1c7f2a-ffc4-4a1b-993a-70715cf32901"
            },
            "timeout": 300,
            "url": "https://DBF12326DF5EC247846A018869EBA05B.gr7.us-east-1.eks.amazonaws.com/healthz"
          },
          "sensitive_attributes": []
        }
      ]
    },
    {
      "module": "module.my-cluster",
      "mode": "managed",
      "type": "aws_autoscaling_group",
      "name": "workers",
      "provider": "provider[\"registry.terraform.io/hashicorp/aws\"]",
      "instances": [
        {
          "index_key": 0,
          "schema_version": 0,
          "attributes": {
            "arn": "arn:aws:autoscaling:us-east-1:749669622883:autoScalingGroup:9d5785ed-3912-4a22-aaea-bc71ee7d4a0a:autoScalingGroupName/dev-cluster-dev-worker-group-120210906225148968900000007",
            "availability_zones": [
              "us-east-1a",
              "us-east-1b"
            ],
            "capacity_rebalance": false,
            "default_cooldown": 300,
            "desired_capacity": 2,
            "enabled_metrics": null,
            "force_delete": false,
            "force_delete_warm_pool": false,
            "health_check_grace_period": 300,
            "health_check_type": "EC2",
            "id": "dev-cluster-dev-worker-group-120210906225148968900000007",
            "initial_lifecycle_hook": [],
            "instance_refresh": [],
            "launch_configuration": "dev-cluster-dev-worker-group-120210906225138322500000006",
            "launch_template": [],
            "load_balancers": null,
            "max_instance_lifetime": 0,
            "max_size": 3,
            "metrics_granularity": "1Minute",
            "min_elb_capacity": null,
            "min_size": 1,
            "mixed_instances_policy": [],
            "name": "dev-cluster-dev-worker-group-120210906225148968900000007",
            "name_prefix": "dev-cluster-dev-worker-group-1",
            "placement_group": "",
            "protect_from_scale_in": false,
            "service_linked_role_arn": "arn:aws:iam::749669622883:role/aws-service-role/autoscaling.amazonaws.com/AWSServiceRoleForAutoScaling",
            "suspended_processes": [
              "AZRebalance"
            ],
            "tag": [
              {
                "key": "Name",
                "propagate_at_launch": true,
                "value": "dev-cluster-dev-worker-group-1-eks_asg"
              },
              {
                "key": "k8s.io/cluster/dev-cluster",
                "propagate_at_launch": true,
                "value": "owned"
              },
              {
                "key": "kubernetes.io/cluster/dev-cluster",
                "propagate_at_launch": true,
                "value": "owned"
              }
            ],
            "tags": null,
            "target_group_arns": null,
            "termination_policies": [],
            "timeouts": null,
            "vpc_zone_identifier": [
              "subnet-03e8865d26d10cf4c",
              "subnet-0627a4bf88a16bd16"
            ],
            "wait_for_capacity_timeout": "10m",
            "wait_for_elb_capacity": null,
            "warm_pool": []
          },
          "sensitive_attributes": [],
          "private": "eyJlMmJmYjczMC1lY2FhLTExZTYtOGY4OC0zNDM2M2JjN2M0YzAiOnsiZGVsZXRlIjo2MDAwMDAwMDAwMDB9fQ==",
          "dependencies": [
            "aws_security_group.allow-web-traffic",
            "aws_subnet.dev1-subnet",
            "aws_subnet.dev2-subnet",
            "aws_vpc.dev-vpc",
            "module.my-cluster.aws_cloudwatch_log_group.this",
            "module.my-cluster.aws_eks_cluster.this",
            "module.my-cluster.aws_iam_instance_profile.workers",
            "module.my-cluster.aws_iam_role.cluster",
            "module.my-cluster.aws_iam_role.workers",
            "module.my-cluster.aws_iam_role_policy_attachment.cluster_AmazonEKSClusterPolicy",
            "module.my-cluster.aws_iam_role_policy_attachment.cluster_AmazonEKSServicePolicy",
            "module.my-cluster.aws_iam_role_policy_attachment.cluster_AmazonEKSVPCResourceControllerPolicy",
            "module.my-cluster.aws_iam_role_policy_attachment.workers_AmazonEC2ContainerRegistryReadOnly",
            "module.my-cluster.aws_iam_role_policy_attachment.workers_AmazonEKSWorkerNodePolicy",
            "module.my-cluster.aws_iam_role_policy_attachment.workers_AmazonEKS_CNI_Policy",
            "module.my-cluster.aws_iam_role_policy_attachment.workers_additional_policies",
            "module.my-cluster.aws_launch_configuration.workers",
            "module.my-cluster.aws_security_group.cluster",
            "module.my-cluster.aws_security_group.workers",
            "module.my-cluster.aws_security_group_rule.cluster_egress_internet",
            "module.my-cluster.aws_security_group_rule.cluster_https_worker_ingress",
            "module.my-cluster.aws_security_group_rule.cluster_primary_ingress_workers",
            "module.my-cluster.aws_security_group_rule.workers_egress_internet",
            "module.my-cluster.aws_security_group_rule.workers_ingress_cluster",
            "module.my-cluster.aws_security_group_rule.workers_ingress_cluster_https",
            "module.my-cluster.aws_security_group_rule.workers_ingress_cluster_kubelet",
            "module.my-cluster.aws_security_group_rule.workers_ingress_cluster_primary",
            "module.my-cluster.aws_security_group_rule.workers_ingress_self",
            "module.my-cluster.data.aws_ami.eks_worker",
            "module.my-cluster.data.aws_ami.eks_worker_windows",
            "module.my-cluster.data.aws_iam_instance_profile.custom_worker_group_iam_instance_profile",
            "module.my-cluster.data.aws_iam_policy_document.workers_assume_role_policy",
            "module.my-cluster.data.aws_iam_role.custom_cluster_iam_role",
            "module.my-cluster.data.aws_partition.current"
          ],
          "create_before_destroy": true
        }
      ]
    },
    {
      "module": "module.my-cluster",
      "mode": "managed",
      "type": "aws_eks_cluster",
      "name": "this",
      "provider": "provider[\"registry.terraform.io/hashicorp/aws\"]",
      "instances": [
        {
          "index_key": 0,
          "schema_version": 0,
          "attributes": {
            "arn": "arn:aws:eks:us-east-1:749669622883:cluster/dev-cluster",
            "certificate_authority": [
              {
                "data": "LS0tLS1CRUdJTiBDRVJUSUZJQ0FURS0tLS0tCk1JSUM1ekNDQWMrZ0F3SUJBZ0lCQURBTkJna3Foa2lHOXcwQkFRc0ZBREFWTVJNd0VRWURWUVFERXdwcmRXSmwKY201bGRHVnpNQjRYRFRJeE1Ea3dOakl5TkRZME1Wb1hEVE14TURrd05ESXlORFkwTVZvd0ZURVRNQkVHQTFVRQpBeE1LYTNWaVpYSnVaWFJsY3pDQ0FTSXdEUVlKS29aSWh2Y05BUUVCQlFBRGdnRVBBRENDQVFvQ2dnRUJBTGJVCjhrQjNaT2tmcW9vZ2toSzFVS0Vrb0ZiaDhSUkNBRVVxKzEzUTROazlvQ1c3d25TME9Ta1g0SUttblpJdWtMN0EKSEhGeFZiMlJjK05pSWhwVWVqTTRDWXpFcCtEeGk1S2JoM1Q1SFFKWUNKY0kxSlVSeW90ZEsyNTdqQWpiazBzSwpWc0JFZFQvUFoyakVmN0ZQaGljWTZ0bFZQM2dEWTlEd1c3N2hmY3A3YnFyN3VBWlV2S0ZxVldmWVVNUlF2NnkzCnI3UTBlVFBTRTJMMTJvR3VRejZwNkJqOWZVWFJzemF3bXJTcHdRYWxCWFJZRlVFYm52Y0FNeXFPdjJtRWxwTHoKK0ZJaGRIdXJ0Z3Vwd1JaSlZXYVF0UHA2TnNwSzJWSDIzWDk0MmV5SkJpRTBhRm1ycGRKcmQyenFOQ1ZMVTRJTwpwaGN1WXZiM2lDT1Z1THBQMmpjQ0F3RUFBYU5DTUVBd0RnWURWUjBQQVFIL0JBUURBZ0trTUE4R0ExVWRFd0VCCi93UUZNQU1CQWY4d0hRWURWUjBPQkJZRUZKM3I3TThXT0dESElVRTY5UTV5ZTNEK3pCbm9NQTBHQ1NxR1NJYjMKRFFFQkN3VUFBNElCQVFBVE9taDZxenRpQXdwY01uc3k0R2RXbjF6S3FqZHl2TGJKMW9YaXNrallUVTJjaC9xYgpmTUczRWZNZmVUQVVQa1RJSnNQZUYweVIxSzRrWUtMSE9uSDNtNnd0VjNhQi93WHp3R2k2bUU5Vys2cTJkUkNtClhQNCtvZXp3SUJ5U3ZxUENFYW56Q05ab242SFN3akxFakswVmtwYXBvRzdrMWVGWDBENmNKTjBHM0RtRk9uL1EKUG0rcHFwdlBXeDdnN1hqNkFDVVNhME1hV05Xd3IyZUxsT0Fqd1h0RzBndTFTcTcvd2tjZ3lxRnF0MUorL2xwSgpkM1V0THJMVnV3aXhkZE9rUkZPUGptVWxKRVd5NWxoZnQwQm9vaENXeW9TUlk3MTRCcTZPZjN5RVlSOXM5SmtPCmJiN1p5YStBMXlhclZtN29wZmNJTnVqUlVyZjd6WlRTV09QdwotLS0tLUVORCBDRVJUSUZJQ0FURS0tLS0tCg=="
              }
            ],
            "created_at": "2021-09-06 22:39:44.875 +0000 UTC",
            "enabled_cluster_log_types": null,
            "encryption_config": [],
            "endpoint": "https://DBF12326DF5EC247846A018869EBA05B.gr7.us-east-1.eks.amazonaws.com",
            "id": "dev-cluster",
            "identity": [
              {
                "oidc": [
                  {
                    "issuer": "https://oidc.eks.us-east-1.amazonaws.com/id/DBF12326DF5EC247846A018869EBA05B"
                  }
                ]
              }
            ],
            "kubernetes_network_config": [
              {
                "service_ipv4_cidr": "172.20.0.0/16"
              }
            ],
            "name": "dev-cluster",
            "platform_version": "eks.2",
            "role_arn": "arn:aws:iam::749669622883:role/dev-cluster20210906222843159700000003",
            "status": "ACTIVE",
            "tags": null,
            "tags_all": {},
            "timeouts": {
              "create": "30m",
              "delete": "15m",
              "update": null
            },
            "version": "1.21",
            "vpc_config": [
              {
                "cluster_security_group_id": "sg-0b0a13a8ae90aa881",
                "endpoint_private_access": false,
                "endpoint_public_access": true,
                "public_access_cidrs": [
                  "0.0.0.0/0"
                ],
                "security_group_ids": [
                  "sg-02d709844acb3b829"
                ],
                "subnet_ids": [
                  "subnet-03e8865d26d10cf4c",
                  "subnet-0627a4bf88a16bd16"
                ],
                "vpc_id": "vpc-0c791e927c40472ba"
              }
            ]
          },
          "sensitive_attributes": [],
          "private": "eyJlMmJmYjczMC1lY2FhLTExZTYtOGY4OC0zNDM2M2JjN2M0YzAiOnsiY3JlYXRlIjoxODAwMDAwMDAwMDAwLCJkZWxldGUiOjkwMDAwMDAwMDAwMCwidXBkYXRlIjozNjAwMDAwMDAwMDAwfX0=",
          "dependencies": [
            "aws_subnet.dev1-subnet",
            "aws_subnet.dev2-subnet",
            "aws_vpc.dev-vpc",
            "module.my-cluster.aws_cloudwatch_log_group.this",
            "module.my-cluster.aws_iam_role.cluster",
            "module.my-cluster.aws_iam_role_policy_attachment.cluster_AmazonEKSClusterPolicy",
            "module.my-cluster.aws_iam_role_policy_attachment.cluster_AmazonEKSServicePolicy",
            "module.my-cluster.aws_iam_role_policy_attachment.cluster_AmazonEKSVPCResourceControllerPolicy",
            "module.my-cluster.aws_security_group.cluster",
            "module.my-cluster.aws_security_group_rule.cluster_egress_internet",
            "module.my-cluster.aws_security_group_rule.cluster_https_worker_ingress",
            "module.my-cluster.data.aws_iam_role.custom_cluster_iam_role"
          ],
          "create_before_destroy": true
        }
      ]
    },
    {
      "module": "module.my-cluster",
      "mode": "managed",
      "type": "aws_iam_instance_profile",
      "name": "workers",
      "provider": "provider[\"registry.terraform.io/hashicorp/aws\"]",
      "instances": [
        {
          "index_key": 0,
          "schema_version": 0,
          "attributes": {
            "arn": "arn:aws:iam::749669622883:instance-profile/dev-cluster20210906225137141100000002",
            "create_date": "2021-09-06T22:51:37Z",
            "id": "dev-cluster20210906225137141100000002",
            "name": "dev-cluster20210906225137141100000002",
            "name_prefix": "dev-cluster",
            "path": "/",
            "role": "dev-cluster20210906225135373200000001",
            "tags": null,
            "tags_all": {},
            "unique_id": "AIPA25C6KURR4XEOB7VGI"
          },
          "sensitive_attributes": [],
          "private": "bnVsbA==",
          "dependencies": [
            "aws_security_group.allow-web-traffic",
            "aws_subnet.dev1-subnet",
            "aws_subnet.dev2-subnet",
            "aws_vpc.dev-vpc",
            "module.my-cluster.aws_cloudwatch_log_group.this",
            "module.my-cluster.aws_eks_cluster.this",
            "module.my-cluster.aws_iam_role.cluster",
            "module.my-cluster.aws_iam_role.workers",
            "module.my-cluster.aws_iam_role_policy_attachment.cluster_AmazonEKSClusterPolicy",
            "module.my-cluster.aws_iam_role_policy_attachment.cluster_AmazonEKSServicePolicy",
            "module.my-cluster.aws_iam_role_policy_attachment.cluster_AmazonEKSVPCResourceControllerPolicy",
            "module.my-cluster.aws_security_group.cluster",
            "module.my-cluster.aws_security_group_rule.cluster_egress_internet",
            "module.my-cluster.aws_security_group_rule.cluster_https_worker_ingress",
            "module.my-cluster.data.aws_iam_policy_document.workers_assume_role_policy",
            "module.my-cluster.data.aws_iam_role.custom_cluster_iam_role"
          ],
          "create_before_destroy": true
        }
      ]
    },
    {
      "module": "module.my-cluster",
      "mode": "managed",
      "type": "aws_iam_policy",
      "name": "cluster_elb_sl_role_creation",
      "provider": "provider[\"registry.terraform.io/hashicorp/aws\"]",
      "instances": [
        {
          "index_key": 0,
          "schema_version": 0,
          "attributes": {
            "arn": "arn:aws:iam::749669622883:policy/dev-cluster-elb-sl-role-creation20210906222843150100000002",
            "description": "Permissions for EKS to create AWSServiceRoleForElasticLoadBalancing service-linked role",
            "id": "arn:aws:iam::749669622883:policy/dev-cluster-elb-sl-role-creation20210906222843150100000002",
            "name": "dev-cluster-elb-sl-role-creation20210906222843150100000002",
            "name_prefix": "dev-cluster-elb-sl-role-creation",
            "path": "/",
            "policy": "{\n  \"Version\": \"2012-10-17\",\n  \"Statement\": [\n    {\n      \"Sid\": \"\",\n      \"Effect\": \"Allow\",\n      \"Action\": [\n        \"ec2:DescribeInternetGateways\",\n        \"ec2:DescribeAddresses\",\n        \"ec2:DescribeAccountAttributes\"\n      ],\n      \"Resource\": \"*\"\n    }\n  ]\n}",
            "policy_id": "ANPA25C6KURRUNKOHAMEU",
            "tags": {},
            "tags_all": {}
          },
          "sensitive_attributes": [],
          "private": "bnVsbA==",
          "dependencies": [
            "module.my-cluster.data.aws_iam_policy_document.cluster_elb_sl_role_creation"
          ]
        }
      ]
    },
    {
      "module": "module.my-cluster",
      "mode": "managed",
      "type": "aws_iam_role",
      "name": "cluster",
      "provider": "provider[\"registry.terraform.io/hashicorp/aws\"]",
      "instances": [
        {
          "index_key": 0,
          "schema_version": 0,
          "attributes": {
            "arn": "arn:aws:iam::749669622883:role/dev-cluster20210906222843159700000003",
            "assume_role_policy": "{\"Version\":\"2012-10-17\",\"Statement\":[{\"Sid\":\"EKSClusterAssumeRole\",\"Effect\":\"Allow\",\"Principal\":{\"Service\":\"eks.amazonaws.com\"},\"Action\":\"sts:AssumeRole\"}]}",
            "create_date": "2021-09-06T22:28:43Z",
            "description": "",
            "force_detach_policies": true,
            "id": "dev-cluster20210906222843159700000003",
            "inline_policy": [
              {
                "name": "",
                "policy": ""
              }
            ],
            "managed_policy_arns": [
              "arn:aws:iam::749669622883:policy/dev-cluster-elb-sl-role-creation20210906222843150100000002",
              "arn:aws:iam::aws:policy/AmazonEKSClusterPolicy",
              "arn:aws:iam::aws:policy/AmazonEKSServicePolicy",
              "arn:aws:iam::aws:policy/AmazonEKSVPCResourceController"
            ],
            "max_session_duration": 3600,
            "name": "dev-cluster20210906222843159700000003",
            "name_prefix": "dev-cluster",
            "path": "/",
            "permissions_boundary": null,
            "tags": {},
            "tags_all": {},
            "unique_id": "AROA25C6KURR7BHOSV6PF"
          },
          "sensitive_attributes": [],
          "private": "bnVsbA==",
          "dependencies": [
            "module.my-cluster.data.aws_iam_policy_document.cluster_assume_role_policy"
          ],
          "create_before_destroy": true
        }
      ]
    },
    {
      "module": "module.my-cluster",
      "mode": "managed",
      "type": "aws_iam_role",
      "name": "workers",
      "provider": "provider[\"registry.terraform.io/hashicorp/aws\"]",
      "instances": [
        {
          "index_key": 0,
          "schema_version": 0,
          "attributes": {
            "arn": "arn:aws:iam::749669622883:role/dev-cluster20210906225135373200000001",
            "assume_role_policy": "{\"Version\":\"2012-10-17\",\"Statement\":[{\"Sid\":\"EKSWorkerAssumeRole\",\"Effect\":\"Allow\",\"Principal\":{\"Service\":\"ec2.amazonaws.com\"},\"Action\":\"sts:AssumeRole\"}]}",
            "create_date": "2021-09-06T22:51:35Z",
            "description": "",
            "force_detach_policies": true,
            "id": "dev-cluster20210906225135373200000001",
            "inline_policy": [
              {
                "name": "",
                "policy": ""
              }
            ],
            "managed_policy_arns": [],
            "max_session_duration": 3600,
            "name": "dev-cluster20210906225135373200000001",
            "name_prefix": "dev-cluster",
            "path": "/",
            "permissions_boundary": null,
            "tags": null,
            "tags_all": {},
            "unique_id": "AROA25C6KURRYAY4X7Z2X"
          },
          "sensitive_attributes": [],
          "private": "bnVsbA==",
          "dependencies": [
            "aws_subnet.dev1-subnet",
            "aws_subnet.dev2-subnet",
            "aws_vpc.dev-vpc",
            "module.my-cluster.aws_cloudwatch_log_group.this",
            "module.my-cluster.aws_eks_cluster.this",
            "module.my-cluster.aws_iam_role.cluster",
            "module.my-cluster.aws_iam_role_policy_attachment.cluster_AmazonEKSClusterPolicy",
            "module.my-cluster.aws_iam_role_policy_attachment.cluster_AmazonEKSServicePolicy",
            "module.my-cluster.aws_iam_role_policy_attachment.cluster_AmazonEKSVPCResourceControllerPolicy",
            "module.my-cluster.aws_security_group.cluster",
            "module.my-cluster.aws_security_group_rule.cluster_egress_internet",
            "module.my-cluster.aws_security_group_rule.cluster_https_worker_ingress",
            "module.my-cluster.data.aws_iam_policy_document.workers_assume_role_policy",
            "module.my-cluster.data.aws_iam_role.custom_cluster_iam_role"
          ],
          "create_before_destroy": true
        }
      ]
    },
    {
      "module": "module.my-cluster",
      "mode": "managed",
      "type": "aws_iam_role_policy_attachment",
      "name": "cluster_AmazonEKSClusterPolicy",
      "provider": "provider[\"registry.terraform.io/hashicorp/aws\"]",
      "instances": [
        {
          "index_key": 0,
          "schema_version": 0,
          "attributes": {
            "id": "dev-cluster20210906222843159700000003-20210906222845322600000007",
            "policy_arn": "arn:aws:iam::aws:policy/AmazonEKSClusterPolicy",
            "role": "dev-cluster20210906222843159700000003"
          },
          "sensitive_attributes": [],
          "private": "bnVsbA==",
          "dependencies": [
            "module.my-cluster.data.aws_partition.current",
            "module.my-cluster.aws_iam_role.cluster",
            "module.my-cluster.data.aws_iam_policy_document.cluster_assume_role_policy"
          ],
          "create_before_destroy": true
        }
      ]
    },
    {
      "module": "module.my-cluster",
      "mode": "managed",
      "type": "aws_iam_role_policy_attachment",
      "name": "cluster_AmazonEKSServicePolicy",
      "provider": "provider[\"registry.terraform.io/hashicorp/aws\"]",
      "instances": [
        {
          "index_key": 0,
          "schema_version": 0,
          "attributes": {
            "id": "dev-cluster20210906222843159700000003-20210906222845631700000008",
            "policy_arn": "arn:aws:iam::aws:policy/AmazonEKSServicePolicy",
            "role": "dev-cluster20210906222843159700000003"
          },
          "sensitive_attributes": [],
          "private": "bnVsbA==",
          "dependencies": [
            "module.my-cluster.aws_iam_role.cluster",
            "module.my-cluster.data.aws_iam_policy_document.cluster_assume_role_policy",
            "module.my-cluster.data.aws_partition.current"
          ],
          "create_before_destroy": true
        }
      ]
    },
    {
      "module": "module.my-cluster",
      "mode": "managed",
      "type": "aws_iam_role_policy_attachment",
      "name": "cluster_AmazonEKSVPCResourceControllerPolicy",
      "provider": "provider[\"registry.terraform.io/hashicorp/aws\"]",
      "instances": [
        {
          "index_key": 0,
          "schema_version": 0,
          "attributes": {
            "id": "dev-cluster20210906222843159700000003-20210906222845302700000006",
            "policy_arn": "arn:aws:iam::aws:policy/AmazonEKSVPCResourceController",
            "role": "dev-cluster20210906222843159700000003"
          },
          "sensitive_attributes": [],
          "private": "bnVsbA==",
          "dependencies": [
            "module.my-cluster.data.aws_iam_policy_document.cluster_assume_role_policy",
            "module.my-cluster.data.aws_partition.current",
            "module.my-cluster.aws_iam_role.cluster"
          ],
          "create_before_destroy": true
        }
      ]
    },
    {
      "module": "module.my-cluster",
      "mode": "managed",
      "type": "aws_iam_role_policy_attachment",
      "name": "cluster_elb_sl_role_creation",
      "provider": "provider[\"registry.terraform.io/hashicorp/aws\"]",
      "instances": [
        {
          "index_key": 0,
          "schema_version": 0,
          "attributes": {
            "id": "dev-cluster20210906222843159700000003-20210906222845291700000005",
            "policy_arn": "arn:aws:iam::749669622883:policy/dev-cluster-elb-sl-role-creation20210906222843150100000002",
            "role": "dev-cluster20210906222843159700000003"
          },
          "sensitive_attributes": [],
          "private": "bnVsbA==",
          "dependencies": [
            "module.my-cluster.aws_iam_policy.cluster_elb_sl_role_creation",
            "module.my-cluster.aws_iam_role.cluster",
            "module.my-cluster.data.aws_iam_policy_document.cluster_assume_role_policy",
            "module.my-cluster.data.aws_iam_policy_document.cluster_elb_sl_role_creation"
          ]
        }
      ]
    },
    {
      "module": "module.my-cluster",
      "mode": "managed",
      "type": "aws_iam_role_policy_attachment",
      "name": "workers_AmazonEC2ContainerRegistryReadOnly",
      "provider": "provider[\"registry.terraform.io/hashicorp/aws\"]",
      "instances": [
        {
          "index_key": 0,
          "schema_version": 0,
          "attributes": {
            "id": "dev-cluster20210906225135373200000001-20210906225137477100000005",
            "policy_arn": "arn:aws:iam::aws:policy/AmazonEC2ContainerRegistryReadOnly",
            "role": "dev-cluster20210906225135373200000001"
          },
          "sensitive_attributes": [],
          "private": "bnVsbA==",
          "dependencies": [
            "aws_subnet.dev1-subnet",
            "aws_subnet.dev2-subnet",
            "aws_vpc.dev-vpc",
            "module.my-cluster.aws_cloudwatch_log_group.this",
            "module.my-cluster.aws_eks_cluster.this",
            "module.my-cluster.aws_iam_role.cluster",
            "module.my-cluster.aws_iam_role.workers",
            "module.my-cluster.aws_iam_role_policy_attachment.cluster_AmazonEKSClusterPolicy",
            "module.my-cluster.aws_iam_role_policy_attachment.cluster_AmazonEKSServicePolicy",
            "module.my-cluster.aws_iam_role_policy_attachment.cluster_AmazonEKSVPCResourceControllerPolicy",
            "module.my-cluster.aws_security_group.cluster",
            "module.my-cluster.aws_security_group_rule.cluster_egress_internet",
            "module.my-cluster.aws_security_group_rule.cluster_https_worker_ingress",
            "module.my-cluster.data.aws_iam_policy_document.workers_assume_role_policy",
            "module.my-cluster.data.aws_iam_role.custom_cluster_iam_role",
            "module.my-cluster.data.aws_partition.current"
          ],
          "create_before_destroy": true
        }
      ]
    },
    {
      "module": "module.my-cluster",
      "mode": "managed",
      "type": "aws_iam_role_policy_attachment",
      "name": "workers_AmazonEKSWorkerNodePolicy",
      "provider": "provider[\"registry.terraform.io/hashicorp/aws\"]",
      "instances": [
        {
          "index_key": 0,
          "schema_version": 0,
          "attributes": {
            "id": "dev-cluster20210906225135373200000001-20210906225137468200000004",
            "policy_arn": "arn:aws:iam::aws:policy/AmazonEKSWorkerNodePolicy",
            "role": "dev-cluster20210906225135373200000001"
          },
          "sensitive_attributes": [],
          "private": "bnVsbA==",
          "dependencies": [
            "aws_subnet.dev1-subnet",
            "aws_subnet.dev2-subnet",
            "aws_vpc.dev-vpc",
            "module.my-cluster.aws_cloudwatch_log_group.this",
            "module.my-cluster.aws_eks_cluster.this",
            "module.my-cluster.aws_iam_role.cluster",
            "module.my-cluster.aws_iam_role.workers",
            "module.my-cluster.aws_iam_role_policy_attachment.cluster_AmazonEKSClusterPolicy",
            "module.my-cluster.aws_iam_role_policy_attachment.cluster_AmazonEKSServicePolicy",
            "module.my-cluster.aws_iam_role_policy_attachment.cluster_AmazonEKSVPCResourceControllerPolicy",
            "module.my-cluster.aws_security_group.cluster",
            "module.my-cluster.aws_security_group_rule.cluster_egress_internet",
            "module.my-cluster.aws_security_group_rule.cluster_https_worker_ingress",
            "module.my-cluster.data.aws_iam_policy_document.workers_assume_role_policy",
            "module.my-cluster.data.aws_iam_role.custom_cluster_iam_role",
            "module.my-cluster.data.aws_partition.current"
          ],
          "create_before_destroy": true
        }
      ]
    },
    {
      "module": "module.my-cluster",
      "mode": "managed",
      "type": "aws_iam_role_policy_attachment",
      "name": "workers_AmazonEKS_CNI_Policy",
      "provider": "provider[\"registry.terraform.io/hashicorp/aws\"]",
      "instances": [
        {
          "index_key": 0,
          "schema_version": 0,
          "attributes": {
            "id": "dev-cluster20210906225135373200000001-20210906225137467100000003",
            "policy_arn": "arn:aws:iam::aws:policy/AmazonEKS_CNI_Policy",
            "role": "dev-cluster20210906225135373200000001"
          },
          "sensitive_attributes": [],
          "private": "bnVsbA==",
          "dependencies": [
            "aws_subnet.dev1-subnet",
            "aws_subnet.dev2-subnet",
            "aws_vpc.dev-vpc",
            "module.my-cluster.aws_cloudwatch_log_group.this",
            "module.my-cluster.aws_eks_cluster.this",
            "module.my-cluster.aws_iam_role.cluster",
            "module.my-cluster.aws_iam_role.workers",
            "module.my-cluster.aws_iam_role_policy_attachment.cluster_AmazonEKSClusterPolicy",
            "module.my-cluster.aws_iam_role_policy_attachment.cluster_AmazonEKSServicePolicy",
            "module.my-cluster.aws_iam_role_policy_attachment.cluster_AmazonEKSVPCResourceControllerPolicy",
            "module.my-cluster.aws_security_group.cluster",
            "module.my-cluster.aws_security_group_rule.cluster_egress_internet",
            "module.my-cluster.aws_security_group_rule.cluster_https_worker_ingress",
            "module.my-cluster.data.aws_iam_policy_document.workers_assume_role_policy",
            "module.my-cluster.data.aws_iam_role.custom_cluster_iam_role",
            "module.my-cluster.data.aws_partition.current"
          ],
          "create_before_destroy": true
        }
      ]
    },
    {
      "module": "module.my-cluster",
      "mode": "managed",
      "type": "aws_launch_configuration",
      "name": "workers",
      "provider": "provider[\"registry.terraform.io/hashicorp/aws\"]",
      "instances": [
        {
          "index_key": 0,
          "schema_version": 0,
          "attributes": {
            "arn": "arn:aws:autoscaling:us-east-1:749669622883:launchConfiguration:65d82885-0f39-4870-b7b5-d3fb951ad1c6:launchConfigurationName/dev-cluster-dev-worker-group-120210906225138322500000006",
            "associate_public_ip_address": false,
            "ebs_block_device": [],
            "ebs_optimized": false,
            "enable_monitoring": true,
            "ephemeral_block_device": [],
            "iam_instance_profile": "dev-cluster20210906225137141100000002",
            "id": "dev-cluster-dev-worker-group-120210906225138322500000006",
            "image_id": "ami-0193ebf9573ebc9f7",
            "instance_type": "t2.micro",
            "key_name": "",
            "metadata_options": [
              {
                "http_endpoint": "enabled",
                "http_put_response_hop_limit": 1,
                "http_tokens": "optional"
              }
            ],
            "name": "dev-cluster-dev-worker-group-120210906225138322500000006",
            "name_prefix": "dev-cluster-dev-worker-group-1",
            "placement_tenancy": "",
            "root_block_device": [
              {
                "delete_on_termination": true,
                "encrypted": false,
                "iops": 0,
                "throughput": 0,
                "volume_size": 100,
                "volume_type": "gp2"
              }
            ],
            "security_groups": [
              "sg-05ebe693310590b72",
              "sg-0b2ba3ce553b80e7b"
            ],
            "spot_price": "",
            "user_data": null,
            "user_data_base64": "IyEvYmluL2Jhc2ggLWUKCiMgQWxsb3cgdXNlciBzdXBwbGllZCBwcmUgdXNlcmRhdGEgY29kZQoKCiMgQm9vdHN0cmFwIGFuZCBqb2luIHRoZSBjbHVzdGVyCi9ldGMvZWtzL2Jvb3RzdHJhcC5zaCAtLWI2NC1jbHVzdGVyLWNhICdMUzB0TFMxQ1JVZEpUaUJEUlZKVVNVWkpRMEZVUlMwdExTMHRDazFKU1VNMWVrTkRRV01yWjBGM1NVSkJaMGxDUVVSQlRrSm5hM0ZvYTJsSE9YY3dRa0ZSYzBaQlJFRldUVkpOZDBWUldVUldVVkZFUlhkd2NtUlhTbXdLWTIwMWJHUkhWbnBOUWpSWVJGUkplRTFFYTNkT2FrbDVUa1JaTUUxV2IxaEVWRTE0VFVScmQwNUVTWGxPUkZrd1RWWnZkMFpVUlZSTlFrVkhRVEZWUlFwQmVFMUxZVE5XYVZwWVNuVmFXRkpzWTNwRFEwRlRTWGRFVVZsS1MyOWFTV2gyWTA1QlVVVkNRbEZCUkdkblJWQkJSRU5EUVZGdlEyZG5SVUpCVEdKVkNqaHJRak5hVDJ0bWNXOXZaMnRvU3pGVlMwVnJiMFppYURoU1VrTkJSVlZ4S3pFelVUUk9hemx2UTFjM2QyNVRNRTlUYTFnMFNVdHRibHBKZFd0TU4wRUtTRWhHZUZaaU1sSmpLMDVwU1dod1ZXVnFUVFJEV1hwRmNDdEVlR2sxUzJKb00xUTFTRkZLV1VOS1kwa3hTbFZTZVc5MFpFc3lOVGRxUVdwaWF6QnpTd3BXYzBKRlpGUXZVRm95YWtWbU4wWlFhR2xqV1RaMGJGWlFNMmRFV1RsRWQxYzNOMmhtWTNBM1luRnlOM1ZCV2xWMlMwWnhWbGRtV1ZWTlVsRjJObmt6Q25JM1VUQmxWRkJUUlRKTU1USnZSM1ZSZWpad05rSnFPV1pWV0ZKemVtRjNiWEpUY0hkUllXeENXRkpaUmxWRlltNTJZMEZOZVhGUGRqSnRSV3h3VEhvS0swWkphR1JJZFhKMFozVndkMUphU2xaWFlWRjBVSEEyVG5Od1N6SldTREl6V0RrME1tVjVTa0pwUlRCaFJtMXljR1JLY21ReWVuRk9RMVpNVlRSSlR3cHdhR04xV1haaU0ybERUMVoxVEhCUU1tcGpRMEYzUlVGQllVNURUVVZCZDBSbldVUldVakJRUVZGSUwwSkJVVVJCWjB0clRVRTRSMEV4VldSRmQwVkNDaTkzVVVaTlFVMUNRV1k0ZDBoUldVUldVakJQUWtKWlJVWktNM0kzVFRoWFQwZEVTRWxWUlRZNVVUVjVaVE5FSzNwQ2JtOU5RVEJIUTFOeFIxTkpZak1LUkZGRlFrTjNWVUZCTkVsQ1FWRkJWRTl0YURaeGVuUnBRWGR3WTAxdWMzazBSMlJYYmpGNlMzRnFaSGwyVEdKS01XOVlhWE5yYWxsVVZUSmphQzl4WWdwbVRVY3pSV1pOWm1WVVFWVlFhMVJKU25OUVpVWXdlVkl4U3pScldVdE1TRTl1U0ROdE5uZDBWak5oUWk5M1dIcDNSMmsyYlVVNVZ5czJjVEprVWtOdENsaFFOQ3R2WlhwM1NVSjVVM1p4VUVORllXNTZRMDVhYjI0MlNGTjNha3hGYWtzd1ZtdHdZWEJ2Unpkck1XVkdXREJFTm1OS1RqQkhNMFJ0Ums5dUwxRUtVRzByY0hGd2RsQlhlRGRuTjFocU5rRkRWVk5oTUUxaFYwNVhkM0l5WlV4c1QwRnFkMWgwUnpCbmRURlRjVGN2ZDJ0alozbHhSbkYwTVVvckwyeHdTZ3BrTTFWMFRISk1WblYzYVhoa1pFOXJVa1pQVUdwdFZXeEtSVmQ1Tld4b1puUXdRbTl2YUVOWGVXOVRVbGszTVRSQ2NUWlBaak41UlZsU09YTTVTbXRQQ21KaU4xcDVZU3RCTVhsaGNsWnROMjl3Wm1OSlRuVnFVbFZ5WmpkNldsUlRWMDlRZHdvdExTMHRMVVZPUkNCRFJWSlVTVVpKUTBGVVJTMHRMUzB0Q2c9PScgLS1hcGlzZXJ2ZXItZW5kcG9pbnQgJ2h0dHBzOi8vREJGMTIzMjZERjVFQzI0Nzg0NkEwMTg4NjlFQkEwNUIuZ3I3LnVzLWVhc3QtMS5la3MuYW1hem9uYXdzLmNvbScgIC0ta3ViZWxldC1leHRyYS1hcmdzICIiICdkZXYtY2x1c3RlcicKCiMgQWxsb3cgdXNlciBzdXBwbGllZCB1c2VyZGF0YSBjb2RlCgo=",
            "vpc_classic_link_id": "",
            "vpc_classic_link_security_groups": null
          },
          "sensitive_attributes": [],
          "private": "bnVsbA==",
          "dependencies": [
            "aws_security_group.allow-web-traffic",
            "aws_subnet.dev1-subnet",
            "aws_subnet.dev2-subnet",
            "aws_vpc.dev-vpc",
            "module.my-cluster.aws_cloudwatch_log_group.this",
            "module.my-cluster.aws_eks_cluster.this",
            "module.my-cluster.aws_iam_instance_profile.workers",
            "module.my-cluster.aws_iam_role.cluster",
            "module.my-cluster.aws_iam_role.workers",
            "module.my-cluster.aws_iam_role_policy_attachment.cluster_AmazonEKSClusterPolicy",
            "module.my-cluster.aws_iam_role_policy_attachment.cluster_AmazonEKSServicePolicy",
            "module.my-cluster.aws_iam_role_policy_attachment.cluster_AmazonEKSVPCResourceControllerPolicy",
            "module.my-cluster.aws_iam_role_policy_attachment.workers_AmazonEC2ContainerRegistryReadOnly",
            "module.my-cluster.aws_iam_role_policy_attachment.workers_AmazonEKSWorkerNodePolicy",
            "module.my-cluster.aws_iam_role_policy_attachment.workers_AmazonEKS_CNI_Policy",
            "module.my-cluster.aws_iam_role_policy_attachment.workers_additional_policies",
            "module.my-cluster.aws_security_group.cluster",
            "module.my-cluster.aws_security_group.workers",
            "module.my-cluster.aws_security_group_rule.cluster_egress_internet",
            "module.my-cluster.aws_security_group_rule.cluster_https_worker_ingress",
            "module.my-cluster.aws_security_group_rule.cluster_primary_ingress_workers",
            "module.my-cluster.aws_security_group_rule.workers_egress_internet",
            "module.my-cluster.aws_security_group_rule.workers_ingress_cluster",
            "module.my-cluster.aws_security_group_rule.workers_ingress_cluster_https",
            "module.my-cluster.aws_security_group_rule.workers_ingress_cluster_kubelet",
            "module.my-cluster.aws_security_group_rule.workers_ingress_cluster_primary",
            "module.my-cluster.aws_security_group_rule.workers_ingress_self",
            "module.my-cluster.data.aws_ami.eks_worker",
            "module.my-cluster.data.aws_ami.eks_worker_windows",
            "module.my-cluster.data.aws_iam_instance_profile.custom_worker_group_iam_instance_profile",
            "module.my-cluster.data.aws_iam_policy_document.workers_assume_role_policy",
            "module.my-cluster.data.aws_iam_role.custom_cluster_iam_role",
            "module.my-cluster.data.aws_partition.current"
          ],
          "create_before_destroy": true
        }
      ]
    },
    {
      "module": "module.my-cluster",
      "mode": "managed",
      "type": "aws_security_group",
      "name": "cluster",
      "provider": "provider[\"registry.terraform.io/hashicorp/aws\"]",
      "instances": [
        {
          "index_key": 0,
          "schema_version": 1,
          "attributes": {
            "arn": "arn:aws:ec2:us-east-1:749669622883:security-group/sg-02d709844acb3b829",
            "description": "EKS cluster security group.",
            "egress": [
              {
                "cidr_blocks": [
                  "0.0.0.0/0"
                ],
                "description": "Allow cluster egress access to the Internet.",
                "from_port": 0,
                "ipv6_cidr_blocks": [],
                "prefix_list_ids": [],
                "protocol": "-1",
                "security_groups": [],
                "self": false,
                "to_port": 0
              }
            ],
            "id": "sg-02d709844acb3b829",
            "ingress": [
              {
                "cidr_blocks": [],
                "description": "Allow pods to communicate with the EKS cluster API.",
                "from_port": 443,
                "ipv6_cidr_blocks": [],
                "prefix_list_ids": [],
                "protocol": "tcp",
                "security_groups": [
                  "sg-05ebe693310590b72"
                ],
                "self": false,
                "to_port": 443
              }
            ],
            "name": "dev-cluster20210906222843149400000001",
            "name_prefix": "dev-cluster",
            "owner_id": "749669622883",
            "revoke_rules_on_delete": false,
            "tags": {
              "Name": "dev-cluster-eks_cluster_sg"
            },
            "tags_all": {
              "Name": "dev-cluster-eks_cluster_sg"
            },
            "timeouts": null,
            "vpc_id": "vpc-0c791e927c40472ba"
          },
          "sensitive_attributes": [],
          "private": "eyJlMmJmYjczMC1lY2FhLTExZTYtOGY4OC0zNDM2M2JjN2M0YzAiOnsiY3JlYXRlIjo2MDAwMDAwMDAwMDAsImRlbGV0ZSI6OTAwMDAwMDAwMDAwfSwic2NoZW1hX3ZlcnNpb24iOiIxIn0=",
          "dependencies": [
            "aws_vpc.dev-vpc"
          ],
          "create_before_destroy": true
        }
      ]
    },
    {
      "module": "module.my-cluster",
      "mode": "managed",
      "type": "aws_security_group",
      "name": "workers",
      "provider": "provider[\"registry.terraform.io/hashicorp/aws\"]",
      "instances": [
        {
          "index_key": 0,
          "schema_version": 1,
          "attributes": {
            "arn": "arn:aws:ec2:us-east-1:749669622883:security-group/sg-05ebe693310590b72",
            "description": "Security group for all nodes in the cluster.",
            "egress": [
              {
                "cidr_blocks": [
                  "0.0.0.0/0"
                ],
                "description": "Allow nodes all egress to the Internet.",
                "from_port": 0,
                "ipv6_cidr_blocks": [],
                "prefix_list_ids": [],
                "protocol": "-1",
                "security_groups": [],
                "self": false,
                "to_port": 0
              }
            ],
            "id": "sg-05ebe693310590b72",
            "ingress": [
              {
                "cidr_blocks": [],
                "description": "Allow node to communicate with each other.",
                "from_port": 0,
                "ipv6_cidr_blocks": [],
                "prefix_list_ids": [],
                "protocol": "-1",
                "security_groups": [],
                "self": true,
                "to_port": 0
              },
              {
                "cidr_blocks": [],
                "description": "Allow pods running extension API servers on port 443 to receive communication from cluster control plane.",
                "from_port": 443,
                "ipv6_cidr_blocks": [],
                "prefix_list_ids": [],
                "protocol": "tcp",
                "security_groups": [
                  "sg-02d709844acb3b829"
                ],
                "self": false,
                "to_port": 443
              },
              {
                "cidr_blocks": [],
                "description": "Allow workers pods to receive communication from the cluster control plane.",
                "from_port": 1025,
                "ipv6_cidr_blocks": [],
                "prefix_list_ids": [],
                "protocol": "tcp",
                "security_groups": [
                  "sg-02d709844acb3b829"
                ],
                "self": false,
                "to_port": 65535
              }
            ],
            "name": "dev-cluster20210906222843163900000004",
            "name_prefix": "dev-cluster",
            "owner_id": "749669622883",
            "revoke_rules_on_delete": false,
            "tags": {
              "Name": "dev-cluster-eks_worker_sg",
              "kubernetes.io/cluster/dev-cluster": "owned"
            },
            "tags_all": {
              "Name": "dev-cluster-eks_worker_sg",
              "kubernetes.io/cluster/dev-cluster": "owned"
            },
            "timeouts": null,
            "vpc_id": "vpc-0c791e927c40472ba"
          },
          "sensitive_attributes": [],
          "private": "eyJlMmJmYjczMC1lY2FhLTExZTYtOGY4OC0zNDM2M2JjN2M0YzAiOnsiY3JlYXRlIjo2MDAwMDAwMDAwMDAsImRlbGV0ZSI6OTAwMDAwMDAwMDAwfSwic2NoZW1hX3ZlcnNpb24iOiIxIn0=",
          "dependencies": [
            "aws_vpc.dev-vpc"
          ],
          "create_before_destroy": true
        }
      ]
    },
    {
      "module": "module.my-cluster",
      "mode": "managed",
      "type": "aws_security_group_rule",
      "name": "cluster_egress_internet",
      "provider": "provider[\"registry.terraform.io/hashicorp/aws\"]",
      "instances": [
        {
          "index_key": 0,
          "schema_version": 2,
          "attributes": {
            "cidr_blocks": [
              "0.0.0.0/0"
            ],
            "description": "Allow cluster egress access to the Internet.",
            "from_port": 0,
            "id": "sgrule-4197610439",
            "ipv6_cidr_blocks": [],
            "prefix_list_ids": [],
            "protocol": "-1",
            "security_group_id": "sg-02d709844acb3b829",
            "self": false,
            "source_security_group_id": null,
            "to_port": 0,
            "type": "egress"
          },
          "sensitive_attributes": [],
          "private": "eyJzY2hlbWFfdmVyc2lvbiI6IjIifQ==",
          "dependencies": [
            "module.my-cluster.aws_security_group.cluster",
            "aws_vpc.dev-vpc"
          ],
          "create_before_destroy": true
        }
      ]
    },
    {
      "module": "module.my-cluster",
      "mode": "managed",
      "type": "aws_security_group_rule",
      "name": "cluster_https_worker_ingress",
      "provider": "provider[\"registry.terraform.io/hashicorp/aws\"]",
      "instances": [
        {
          "index_key": 0,
          "schema_version": 2,
          "attributes": {
            "cidr_blocks": [],
            "description": "Allow pods to communicate with the EKS cluster API.",
            "from_port": 443,
            "id": "sgrule-2903360406",
            "ipv6_cidr_blocks": [],
            "prefix_list_ids": [],
            "protocol": "tcp",
            "security_group_id": "sg-02d709844acb3b829",
            "self": false,
            "source_security_group_id": "sg-05ebe693310590b72",
            "to_port": 443,
            "type": "ingress"
          },
          "sensitive_attributes": [],
          "private": "eyJzY2hlbWFfdmVyc2lvbiI6IjIifQ==",
          "dependencies": [
            "aws_vpc.dev-vpc",
            "module.my-cluster.aws_security_group.cluster",
            "module.my-cluster.aws_security_group.workers"
          ],
          "create_before_destroy": true
        }
      ]
    },
    {
      "module": "module.my-cluster",
      "mode": "managed",
      "type": "aws_security_group_rule",
      "name": "workers_egress_internet",
      "provider": "provider[\"registry.terraform.io/hashicorp/aws\"]",
      "instances": [
        {
          "index_key": 0,
          "schema_version": 2,
          "attributes": {
            "cidr_blocks": [
              "0.0.0.0/0"
            ],
            "description": "Allow nodes all egress to the Internet.",
            "from_port": 0,
            "id": "sgrule-3802913569",
            "ipv6_cidr_blocks": [],
            "prefix_list_ids": [],
            "protocol": "-1",
            "security_group_id": "sg-05ebe693310590b72",
            "self": false,
            "source_security_group_id": null,
            "to_port": 0,
            "type": "egress"
          },
          "sensitive_attributes": [],
          "private": "eyJzY2hlbWFfdmVyc2lvbiI6IjIifQ==",
          "dependencies": [
            "aws_vpc.dev-vpc",
            "module.my-cluster.aws_security_group.workers"
          ],
          "create_before_destroy": true
        }
      ]
    },
    {
      "module": "module.my-cluster",
      "mode": "managed",
      "type": "aws_security_group_rule",
      "name": "workers_ingress_cluster",
      "provider": "provider[\"registry.terraform.io/hashicorp/aws\"]",
      "instances": [
        {
          "index_key": 0,
          "schema_version": 2,
          "attributes": {
            "cidr_blocks": [],
            "description": "Allow workers pods to receive communication from the cluster control plane.",
            "from_port": 1025,
            "id": "sgrule-3873121127",
            "ipv6_cidr_blocks": [],
            "prefix_list_ids": [],
            "protocol": "tcp",
            "security_group_id": "sg-05ebe693310590b72",
            "self": false,
            "source_security_group_id": "sg-02d709844acb3b829",
            "to_port": 65535,
            "type": "ingress"
          },
          "sensitive_attributes": [],
          "private": "eyJzY2hlbWFfdmVyc2lvbiI6IjIifQ==",
          "dependencies": [
            "aws_vpc.dev-vpc",
            "module.my-cluster.aws_security_group.cluster",
            "module.my-cluster.aws_security_group.workers"
          ],
          "create_before_destroy": true
        }
      ]
    },
    {
      "module": "module.my-cluster",
      "mode": "managed",
      "type": "aws_security_group_rule",
      "name": "workers_ingress_cluster_https",
      "provider": "provider[\"registry.terraform.io/hashicorp/aws\"]",
      "instances": [
        {
          "index_key": 0,
          "schema_version": 2,
          "attributes": {
            "cidr_blocks": [],
            "description": "Allow pods running extension API servers on port 443 to receive communication from cluster control plane.",
            "from_port": 443,
            "id": "sgrule-2233522206",
            "ipv6_cidr_blocks": [],
            "prefix_list_ids": [],
            "protocol": "tcp",
            "security_group_id": "sg-05ebe693310590b72",
            "self": false,
            "source_security_group_id": "sg-02d709844acb3b829",
            "to_port": 443,
            "type": "ingress"
          },
          "sensitive_attributes": [],
          "private": "eyJzY2hlbWFfdmVyc2lvbiI6IjIifQ==",
          "dependencies": [
            "aws_vpc.dev-vpc",
            "module.my-cluster.aws_security_group.cluster",
            "module.my-cluster.aws_security_group.workers"
          ],
          "create_before_destroy": true
        }
      ]
    },
    {
      "module": "module.my-cluster",
      "mode": "managed",
      "type": "aws_security_group_rule",
      "name": "workers_ingress_self",
      "provider": "provider[\"registry.terraform.io/hashicorp/aws\"]",
      "instances": [
        {
          "index_key": 0,
          "schema_version": 2,
          "attributes": {
            "cidr_blocks": [],
            "description": "Allow node to communicate with each other.",
            "from_port": 0,
            "id": "sgrule-4170869152",
            "ipv6_cidr_blocks": [],
            "prefix_list_ids": [],
            "protocol": "-1",
            "security_group_id": "sg-05ebe693310590b72",
            "self": false,
            "source_security_group_id": "sg-05ebe693310590b72",
            "to_port": 0,
            "type": "ingress"
          },
          "sensitive_attributes": [],
          "private": "eyJzY2hlbWFfdmVyc2lvbiI6IjIifQ==",
          "dependencies": [
            "aws_vpc.dev-vpc",
            "module.my-cluster.aws_security_group.workers"
          ],
          "create_before_destroy": true
        }
      ]
    },
    {
      "module": "module.my-cluster",
      "mode": "managed",
      "type": "kubernetes_config_map",
      "name": "aws_auth",
      "provider": "provider[\"registry.terraform.io/hashicorp/kubernetes\"]",
      "instances": [
        {
          "index_key": 0,
          "schema_version": 0,
          "attributes": {
            "binary_data": null,
            "data": {
              "mapAccounts": "[]\n",
              "mapRoles": "- \"groups\":\n  - \"system:bootstrappers\"\n  - \"system:nodes\"\n  \"rolearn\": \"arn:aws:iam::749669622883:role/dev-cluster20210906225135373200000001\"\n  \"username\": \"system:node:{{EC2PrivateDNSName}}\"\n",
              "mapUsers": "[]\n"
            },
            "id": "kube-system/aws-auth",
            "metadata": [
              {
                "annotations": null,
                "generate_name": "",
                "generation": 0,
                "labels": {
                  "app.kubernetes.io/managed-by": "Terraform",
                  "terraform.io/module": "terraform-aws-modules.eks.aws"
                },
                "name": "aws-auth",
                "namespace": "kube-system",
                "resource_version": "806",
                "self_link": "",
                "uid": "2a9bb7dc-e89b-4aff-8a68-df684cc301c1"
              }
            ]
          },
          "sensitive_attributes": [],
          "private": "bnVsbA==",
          "dependencies": [
            "aws_security_group.allow-web-traffic",
            "aws_subnet.dev1-subnet",
            "aws_subnet.dev2-subnet",
            "aws_vpc.dev-vpc",
            "data.aws_eks_cluster.dev-cluster",
            "data.aws_eks_cluster_auth.dev-cluster",
            "module.my-cluster.aws_cloudwatch_log_group.this",
            "module.my-cluster.aws_eks_cluster.this",
            "module.my-cluster.aws_iam_instance_profile.workers",
            "module.my-cluster.aws_iam_instance_profile.workers_launch_template",
            "module.my-cluster.aws_iam_role.cluster",
            "module.my-cluster.aws_iam_role.workers",
            "module.my-cluster.aws_iam_role_policy_attachment.cluster_AmazonEKSClusterPolicy",
            "module.my-cluster.aws_iam_role_policy_attachment.cluster_AmazonEKSServicePolicy",
            "module.my-cluster.aws_iam_role_policy_attachment.cluster_AmazonEKSVPCResourceControllerPolicy",
            "module.my-cluster.aws_security_group.cluster",
            "module.my-cluster.aws_security_group_rule.cluster_egress_internet",
            "module.my-cluster.aws_security_group_rule.cluster_https_worker_ingress",
            "module.my-cluster.aws_security_group_rule.cluster_private_access_cidrs_source",
            "module.my-cluster.aws_security_group_rule.cluster_private_access_sg_source",
            "module.my-cluster.data.aws_ami.eks_worker",
            "module.my-cluster.data.aws_ami.eks_worker_windows",
            "module.my-cluster.data.aws_caller_identity.current",
            "module.my-cluster.data.aws_iam_instance_profile.custom_worker_group_iam_instance_profile",
            "module.my-cluster.data.aws_iam_instance_profile.custom_worker_group_launch_template_iam_instance_profile",
            "module.my-cluster.data.aws_iam_policy_document.workers_assume_role_policy",
            "module.my-cluster.data.aws_iam_role.custom_cluster_iam_role",
            "module.my-cluster.data.aws_partition.current",
            "module.my-cluster.data.http.wait_for_cluster",
            "module.my-cluster.module.fargate.aws_iam_role.eks_fargate_pod",
            "module.my-cluster.module.fargate.data.aws_iam_role.custom_fargate_iam_role"
          ]
        }
      ]
    },
    {
      "module": "module.my-cluster",
      "mode": "managed",
      "type": "local_file",
      "name": "kubeconfig",
      "provider": "provider[\"registry.terraform.io/hashicorp/local\"]",
      "instances": [
        {
          "index_key": 0,
          "schema_version": 0,
          "attributes": {
            "content": "apiVersion: v1\npreferences: {}\nkind: Config\n\nclusters:\n- cluster:\n    server: https://DBF12326DF5EC247846A018869EBA05B.gr7.us-east-1.eks.amazonaws.com\n    certificate-authority-data: LS0tLS1CRUdJTiBDRVJUSUZJQ0FURS0tLS0tCk1JSUM1ekNDQWMrZ0F3SUJBZ0lCQURBTkJna3Foa2lHOXcwQkFRc0ZBREFWTVJNd0VRWURWUVFERXdwcmRXSmwKY201bGRHVnpNQjRYRFRJeE1Ea3dOakl5TkRZME1Wb1hEVE14TURrd05ESXlORFkwTVZvd0ZURVRNQkVHQTFVRQpBeE1LYTNWaVpYSnVaWFJsY3pDQ0FTSXdEUVlKS29aSWh2Y05BUUVCQlFBRGdnRVBBRENDQVFvQ2dnRUJBTGJVCjhrQjNaT2tmcW9vZ2toSzFVS0Vrb0ZiaDhSUkNBRVVxKzEzUTROazlvQ1c3d25TME9Ta1g0SUttblpJdWtMN0EKSEhGeFZiMlJjK05pSWhwVWVqTTRDWXpFcCtEeGk1S2JoM1Q1SFFKWUNKY0kxSlVSeW90ZEsyNTdqQWpiazBzSwpWc0JFZFQvUFoyakVmN0ZQaGljWTZ0bFZQM2dEWTlEd1c3N2hmY3A3YnFyN3VBWlV2S0ZxVldmWVVNUlF2NnkzCnI3UTBlVFBTRTJMMTJvR3VRejZwNkJqOWZVWFJzemF3bXJTcHdRYWxCWFJZRlVFYm52Y0FNeXFPdjJtRWxwTHoKK0ZJaGRIdXJ0Z3Vwd1JaSlZXYVF0UHA2TnNwSzJWSDIzWDk0MmV5SkJpRTBhRm1ycGRKcmQyenFOQ1ZMVTRJTwpwaGN1WXZiM2lDT1Z1THBQMmpjQ0F3RUFBYU5DTUVBd0RnWURWUjBQQVFIL0JBUURBZ0trTUE4R0ExVWRFd0VCCi93UUZNQU1CQWY4d0hRWURWUjBPQkJZRUZKM3I3TThXT0dESElVRTY5UTV5ZTNEK3pCbm9NQTBHQ1NxR1NJYjMKRFFFQkN3VUFBNElCQVFBVE9taDZxenRpQXdwY01uc3k0R2RXbjF6S3FqZHl2TGJKMW9YaXNrallUVTJjaC9xYgpmTUczRWZNZmVUQVVQa1RJSnNQZUYweVIxSzRrWUtMSE9uSDNtNnd0VjNhQi93WHp3R2k2bUU5Vys2cTJkUkNtClhQNCtvZXp3SUJ5U3ZxUENFYW56Q05ab242SFN3akxFakswVmtwYXBvRzdrMWVGWDBENmNKTjBHM0RtRk9uL1EKUG0rcHFwdlBXeDdnN1hqNkFDVVNhME1hV05Xd3IyZUxsT0Fqd1h0RzBndTFTcTcvd2tjZ3lxRnF0MUorL2xwSgpkM1V0THJMVnV3aXhkZE9rUkZPUGptVWxKRVd5NWxoZnQwQm9vaENXeW9TUlk3MTRCcTZPZjN5RVlSOXM5SmtPCmJiN1p5YStBMXlhclZtN29wZmNJTnVqUlVyZjd6WlRTV09QdwotLS0tLUVORCBDRVJUSUZJQ0FURS0tLS0tCg==\n  name: eks_dev-cluster\n\ncontexts:\n- context:\n    cluster: eks_dev-cluster\n    user: eks_dev-cluster\n  name: eks_dev-cluster\n\ncurrent-context: eks_dev-cluster\n\nusers:\n- name: eks_dev-cluster\n  user:\n    exec:\n      apiVersion: client.authentication.k8s.io/v1alpha1\n      command: aws-iam-authenticator\n      args:\n        - \"token\"\n        - \"-i\"\n        - \"dev-cluster\"\n",
            "content_base64": null,
            "directory_permission": "0755",
            "file_permission": "0600",
            "filename": "./kubeconfig_dev-cluster",
            "id": "1ee7bf55ec9134c7186669916068f607aad72da4",
            "sensitive_content": null,
            "source": null
          },
          "sensitive_attributes": [],
          "private": "bnVsbA==",
          "dependencies": [
            "aws_subnet.dev1-subnet",
            "aws_subnet.dev2-subnet",
            "aws_vpc.dev-vpc",
            "module.my-cluster.aws_cloudwatch_log_group.this",
            "module.my-cluster.aws_eks_cluster.this",
            "module.my-cluster.aws_iam_role.cluster",
            "module.my-cluster.aws_iam_role_policy_attachment.cluster_AmazonEKSClusterPolicy",
            "module.my-cluster.aws_iam_role_policy_attachment.cluster_AmazonEKSServicePolicy",
            "module.my-cluster.aws_iam_role_policy_attachment.cluster_AmazonEKSVPCResourceControllerPolicy",
            "module.my-cluster.aws_security_group.cluster",
            "module.my-cluster.aws_security_group_rule.cluster_egress_internet",
            "module.my-cluster.aws_security_group_rule.cluster_https_worker_ingress",
            "module.my-cluster.data.aws_iam_role.custom_cluster_iam_role"
          ]
        }
      ]
    }
  ]
}
